
Microsoft Visual Studio Solution File, Format Version 12.00
# Visual Studio Version 16
VisualStudioVersion = 16.0.28803.202
MinimumVisualStudioVersion = 10.0.40219.1
Project("{FAE04EC0-301F-11D3-BF4B-00C04F79EFBC}") = "WindowsFormsApp15", "WindowsFormsApp15\WindowsFormsApp15.csproj", "{4FF631F8-7E2E-45F6-9F30-18A640F3E8BF}"
EndProject
Global
	GlobalSection(SolutionConfigurationPlatforms) = preSolution
		Debug|Any CPU = Debug|Any CPU
		Release|Any CPU = Release|Any CPU
	EndGlobalSection
	GlobalSection(ProjectConfigurationPlatforms) = postSolution
		{4FF631F8-7E2E-45F6-9F30-18A640F3E8BF}.Debug|Any CPU.ActiveCfg = Debug|Any CPU
		{4FF631F8-7E2E-45F6-9F30-18A640F3E8BF}.Debug|Any CPU.Build.0 = Debug|Any CPU
		{4FF631F8-7E2E-45F6-9F30-18A640F3E8BF}.Release|Any CPU.ActiveCfg = Release|Any CPU
		{4FF631F8-7E2E-45F6-9F30-18A640F3E8BF}.Release|Any CPU.Build.0 = Release|Any CPU
	EndGlobalSection
	GlobalSection(SolutionProperties) = preSolution
		HideSolutionNode = FALSE
	EndGlobalSection
	GlobalSection(ExtensibilityGlobals) = postSolution
		SolutionGuid = {510D6280-AA4A-4AA7-89E5-3BDB34CB5FA0}
	EndGlobalSection
EndGlobal
